
Microsoft Visual Studio Solution File, Format Version 12.00
# Visual Studio Version 17
VisualStudioVersion = 17.11.35327.3
MinimumVisualStudioVersion = 10.0.40219.1
Project("{FAE04EC0-301F-11D3-BF4B-00C04F79EFBC}") = "H3Oef12Sparen", "H3Oef12Sparen\H3Oef12Sparen.csproj", "{333FA884-D569-49C9-A537-7B1923EAA5EC}"
EndProject
Global
	GlobalSection(SolutionConfigurationPlatforms) = preSolution
		Debug|Any CPU = Debug|Any CPU
		Release|Any CPU = Release|Any CPU
	EndGlobalSection
	GlobalSection(ProjectConfigurationPlatforms) = postSolution
		{333FA884-D569-49C9-A537-7B1923EAA5EC}.Debug|Any CPU.ActiveCfg = Debug|Any CPU
		{333FA884-D569-49C9-A537-7B1923EAA5EC}.Debug|Any CPU.Build.0 = Debug|Any CPU
		{333FA884-D569-49C9-A537-7B1923EAA5EC}.Release|Any CPU.ActiveCfg = Release|Any CPU
		{333FA884-D569-49C9-A537-7B1923EAA5EC}.Release|Any CPU.Build.0 = Release|Any CPU
	EndGlobalSection
	GlobalSection(SolutionProperties) = preSolution
		HideSolutionNode = FALSE
	EndGlobalSection
	GlobalSection(ExtensibilityGlobals) = postSolution
		SolutionGuid = {7D6E471E-164B-4E2C-A90E-1A4EAA2A3F44}
	EndGlobalSection
EndGlobal
